// !$*UTF8*$!
{
	archiveVersion = 1;
	classes = {
	};
	objectVersion = 46;
	objects = {

/* Begin PBXBuildFile section */
		13A28FC6194845B800572101 /* Foundation.framework in Frameworks */ = {isa = PBXBuildFile; fileRef = 13A28FC5194845B800572101 /* Foundation.framework */; };
		13A28FC8194845B800572101 /* CoreGraphics.framework in Frameworks */ = {isa = PBXBuildFile; fileRef = 13A28FC7194845B800572101 /* CoreGraphics.framework */; };
		13A28FCA194845B800572101 /* UIKit.framework in Frameworks */ = {isa = PBXBuildFile; fileRef = 13A28FC9194845B800572101 /* UIKit.framework */; };
		13A28FD0194845B800572101 /* InfoPlist.strings in Resources */ = {isa = PBXBuildFile; fileRef = 13A28FCE194845B800572101 /* InfoPlist.strings */; };
		13A28FD2194845B800572101 /* main.m in Sources */ = {isa = PBXBuildFile; fileRef = 13A28FD1194845B800572101 /* main.m */; };
		13A28FD6194845B800572101 /* CUAppDelegate.m in Sources */ = {isa = PBXBuildFile; fileRef = 13A28FD5194845B800572101 /* CUAppDelegate.m */; };
		13A28FD8194845B800572101 /* Images.xcassets in Resources */ = {isa = PBXBuildFile; fileRef = 13A28FD7194845B800572101 /* Images.xcassets */; };
		13A28FDF194845B800572101 /* XCTest.framework in Frameworks */ = {isa = PBXBuildFile; fileRef = 13A28FDE194845B800572101 /* XCTest.framework */; };
		13A28FE0194845B800572101 /* Foundation.framework in Frameworks */ = {isa = PBXBuildFile; fileRef = 13A28FC5194845B800572101 /* Foundation.framework */; };
		13A28FE1194845B800572101 /* UIKit.framework in Frameworks */ = {isa = PBXBuildFile; fileRef = 13A28FC9194845B800572101 /* UIKit.framework */; };
		13A28FE9194845B800572101 /* InfoPlist.strings in Resources */ = {isa = PBXBuildFile; fileRef = 13A28FE7194845B800572101 /* InfoPlist.strings */; };
		13A28FEB194845B800572101 /* CUTextExampleTests.m in Sources */ = {isa = PBXBuildFile; fileRef = 13A28FEA194845B800572101 /* CUTextExampleTests.m */; };
		13A28FF7194845C400572101 /* CUViewController.m in Sources */ = {isa = PBXBuildFile; fileRef = 13A28FF5194845C400572101 /* CUViewController.m */; };
		13A28FF8194845C400572101 /* CUViewController.xib in Resources */ = {isa = PBXBuildFile; fileRef = 13A28FF6194845C400572101 /* CUViewController.xib */; };
		13A290081948468D00572101 /* AbstractActionSheetPicker.m in Sources */ = {isa = PBXBuildFile; fileRef = 13A28FFC1948468D00572101 /* AbstractActionSheetPicker.m */; };
		13A290091948468D00572101 /* ActionSheetCustomPicker.m in Sources */ = {isa = PBXBuildFile; fileRef = 13A28FFE1948468D00572101 /* ActionSheetCustomPicker.m */; };
		13A2900A1948468D00572101 /* ActionSheetDatePicker.m in Sources */ = {isa = PBXBuildFile; fileRef = 13A290011948468D00572101 /* ActionSheetDatePicker.m */; };
		13A2900B1948468D00572101 /* ActionSheetDistancePicker.m in Sources */ = {isa = PBXBuildFile; fileRef = 13A290031948468D00572101 /* ActionSheetDistancePicker.m */; };
		13A2900C1948468D00572101 /* ActionSheetStringPicker.m in Sources */ = {isa = PBXBuildFile; fileRef = 13A290051948468D00572101 /* ActionSheetStringPicker.m */; };
		13A2900D1948468D00572101 /* DistancePickerView.m in Sources */ = {isa = PBXBuildFile; fileRef = 13A290071948468D00572101 /* DistancePickerView.m */; };
/* End PBXBuildFile section */

/* Begin PBXContainerItemProxy section */
		13A28FE2194845B800572101 /* PBXContainerItemProxy */ = {
			isa = PBXContainerItemProxy;
			containerPortal = 13A28FBA194845B800572101 /* Project object */;
			proxyType = 1;
			remoteGlobalIDString = 13A28FC1194845B800572101;
			remoteInfo = CUTextExample;
		};
/* End PBXContainerItemProxy section */

/* Begin PBXFileReference section */
		13A28FC2194845B800572101 /* CUTextExample.app */ = {isa = PBXFileReference; explicitFileType = wrapper.application; includeInIndex = 0; path = CUTextExample.app; sourceTree = BUILT_PRODUCTS_DIR; };
		13A28FC5194845B800572101 /* Foundation.framework */ = {isa = PBXFileReference; lastKnownFileType = wrapper.framework; name = Foundation.framework; path = System/Library/Frameworks/Foundation.framework; sourceTree = SDKROOT; };
		13A28FC7194845B800572101 /* CoreGraphics.framework */ = {isa = PBXFileReference; lastKnownFileType = wrapper.framework; name = CoreGraphics.framework; path = System/Library/Frameworks/CoreGraphics.framework; sourceTree = SDKROOT; };
		13A28FC9194845B800572101 /* UIKit.framework */ = {isa = PBXFileReference; lastKnownFileType = wrapper.framework; name = UIKit.framework; path = System/Library/Frameworks/UIKit.framework; sourceTree = SDKROOT; };
		13A28FCD194845B800572101 /* CUTextExample-Info.plist */ = {isa = PBXFileReference; lastKnownFileType = text.plist.xml; path = "CUTextExample-Info.plist"; sourceTree = "<group>"; };
		13A28FCF194845B800572101 /* en */ = {isa = PBXFileReference; lastKnownFileType = text.plist.strings; name = en; path = en.lproj/InfoPlist.strings; sourceTree = "<group>"; };
		13A28FD1194845B800572101 /* main.m */ = {isa = PBXFileReference; lastKnownFileType = sourcecode.c.objc; path = main.m; sourceTree = "<group>"; };
		13A28FD3194845B800572101 /* CUTextExample-Prefix.pch */ = {isa = PBXFileReference; lastKnownFileType = sourcecode.c.h; path = "CUTextExample-Prefix.pch"; sourceTree = "<group>"; };
		13A28FD4194845B800572101 /* CUAppDelegate.h */ = {isa = PBXFileReference; lastKnownFileType = sourcecode.c.h; path = CUAppDelegate.h; sourceTree = "<group>"; };
		13A28FD5194845B800572101 /* CUAppDelegate.m */ = {isa = PBXFileReference; lastKnownFileType = sourcecode.c.objc; path = CUAppDelegate.m; sourceTree = "<group>"; };
		13A28FD7194845B800572101 /* Images.xcassets */ = {isa = PBXFileReference; lastKnownFileType = folder.assetcatalog; path = Images.xcassets; sourceTree = "<group>"; };
		13A28FDD194845B800572101 /* CUTextExampleTests.xctest */ = {isa = PBXFileReference; explicitFileType = wrapper.cfbundle; includeInIndex = 0; path = CUTextExampleTests.xctest; sourceTree = BUILT_PRODUCTS_DIR; };
		13A28FDE194845B800572101 /* XCTest.framework */ = {isa = PBXFileReference; lastKnownFileType = wrapper.framework; name = XCTest.framework; path = Library/Frameworks/XCTest.framework; sourceTree = DEVELOPER_DIR; };
		13A28FE6194845B800572101 /* CUTextExampleTests-Info.plist */ = {isa = PBXFileReference; lastKnownFileType = text.plist.xml; path = "CUTextExampleTests-Info.plist"; sourceTree = "<group>"; };
		13A28FE8194845B800572101 /* en */ = {isa = PBXFileReference; lastKnownFileType = text.plist.strings; name = en; path = en.lproj/InfoPlist.strings; sourceTree = "<group>"; };
		13A28FEA194845B800572101 /* CUTextExampleTests.m */ = {isa = PBXFileReference; lastKnownFileType = sourcecode.c.objc; path = CUTextExampleTests.m; sourceTree = "<group>"; };
		13A28FF4194845C400572101 /* CUViewController.h */ = {isa = PBXFileReference; fileEncoding = 4; lastKnownFileType = sourcecode.c.h; path = CUViewController.h; sourceTree = "<group>"; };
		13A28FF5194845C400572101 /* CUViewController.m */ = {isa = PBXFileReference; fileEncoding = 4; lastKnownFileType = sourcecode.c.objc; path = CUViewController.m; sourceTree = "<group>"; };
		13A28FF6194845C400572101 /* CUViewController.xib */ = {isa = PBXFileReference; fileEncoding = 4; lastKnownFileType = file.xib; path = CUViewController.xib; sourceTree = "<group>"; };
		13A28FFB1948468D00572101 /* AbstractActionSheetPicker.h */ = {isa = PBXFileReference; fileEncoding = 4; lastKnownFileType = sourcecode.c.h; path = AbstractActionSheetPicker.h; sourceTree = "<group>"; };
		13A28FFC1948468D00572101 /* AbstractActionSheetPicker.m */ = {isa = PBXFileReference; fileEncoding = 4; lastKnownFileType = sourcecode.c.objc; path = AbstractActionSheetPicker.m; sourceTree = "<group>"; };
		13A28FFD1948468D00572101 /* ActionSheetCustomPicker.h */ = {isa = PBXFileReference; fileEncoding = 4; lastKnownFileType = sourcecode.c.h; path = ActionSheetCustomPicker.h; sourceTree = "<group>"; };
		13A28FFE1948468D00572101 /* ActionSheetCustomPicker.m */ = {isa = PBXFileReference; fileEncoding = 4; lastKnownFileType = sourcecode.c.objc; path = ActionSheetCustomPicker.m; sourceTree = "<group>"; };
		13A28FFF1948468D00572101 /* ActionSheetCustomPickerDelegate.h */ = {isa = PBXFileReference; fileEncoding = 4; lastKnownFileType = sourcecode.c.h; path = ActionSheetCustomPickerDelegate.h; sourceTree = "<group>"; };
		13A290001948468D00572101 /* ActionSheetDatePicker.h */ = {isa = PBXFileReference; fileEncoding = 4; lastKnownFileType = sourcecode.c.h; path = ActionSheetDatePicker.h; sourceTree = "<group>"; };
		13A290011948468D00572101 /* ActionSheetDatePicker.m */ = {isa = PBXFileReference; fileEncoding = 4; lastKnownFileType = sourcecode.c.objc; path = ActionSheetDatePicker.m; sourceTree = "<group>"; };
		13A290021948468D00572101 /* ActionSheetDistancePicker.h */ = {isa = PBXFileReference; fileEncoding = 4; lastKnownFileType = sourcecode.c.h; path = ActionSheetDistancePicker.h; sourceTree = "<group>"; };
		13A290031948468D00572101 /* ActionSheetDistancePicker.m */ = {isa = PBXFileReference; fileEncoding = 4; lastKnownFileType = sourcecode.c.objc; path = ActionSheetDistancePicker.m; sourceTree = "<group>"; };
		13A290041948468D00572101 /* ActionSheetStringPicker.h */ = {isa = PBXFileReference; fileEncoding = 4; lastKnownFileType = sourcecode.c.h; path = ActionSheetStringPicker.h; sourceTree = "<group>"; };
		13A290051948468D00572101 /* ActionSheetStringPicker.m */ = {isa = PBXFileReference; fileEncoding = 4; lastKnownFileType = sourcecode.c.objc; path = ActionSheetStringPicker.m; sourceTree = "<group>"; };
		13A290061948468D00572101 /* DistancePickerView.h */ = {isa = PBXFileReference; fileEncoding = 4; lastKnownFileType = sourcecode.c.h; path = DistancePickerView.h; sourceTree = "<group>"; };
		13A290071948468D00572101 /* DistancePickerView.m */ = {isa = PBXFileReference; fileEncoding = 4; lastKnownFileType = sourcecode.c.objc; path = DistancePickerView.m; sourceTree = "<group>"; };
/* End PBXFileReference section */

/* Begin PBXFrameworksBuildPhase section */
		13A28FBF194845B800572101 /* Frameworks */ = {
			isa = PBXFrameworksBuildPhase;
			buildActionMask = 2147483647;
			files = (
				13A28FC8194845B800572101 /* CoreGraphics.framework in Frameworks */,
				13A28FCA194845B800572101 /* UIKit.framework in Frameworks */,
				13A28FC6194845B800572101 /* Foundation.framework in Frameworks */,
			);
			runOnlyForDeploymentPostprocessing = 0;
		};
		13A28FDA194845B800572101 /* Frameworks */ = {
			isa = PBXFrameworksBuildPhase;
			buildActionMask = 2147483647;
			files = (
				13A28FDF194845B800572101 /* XCTest.framework in Frameworks */,
				13A28FE1194845B800572101 /* UIKit.framework in Frameworks */,
				13A28FE0194845B800572101 /* Foundation.framework in Frameworks */,
			);
			runOnlyForDeploymentPostprocessing = 0;
		};
/* End PBXFrameworksBuildPhase section */

/* Begin PBXGroup section */
		13A28FB9194845B800572101 = {
			isa = PBXGroup;
			children = (
				13A28FF91948468D00572101 /* Vender */,
				13A28FCB194845B800572101 /* CUTextExample */,
				13A28FE4194845B800572101 /* CUTextExampleTests */,
				13A28FC4194845B800572101 /* Frameworks */,
				13A28FC3194845B800572101 /* Products */,
			);
			sourceTree = "<group>";
		};
		13A28FC3194845B800572101 /* Products */ = {
			isa = PBXGroup;
			children = (
				13A28FC2194845B800572101 /* CUTextExample.app */,
				13A28FDD194845B800572101 /* CUTextExampleTests.xctest */,
			);
			name = Products;
			sourceTree = "<group>";
		};
		13A28FC4194845B800572101 /* Frameworks */ = {
			isa = PBXGroup;
			children = (
				13A28FC5194845B800572101 /* Foundation.framework */,
				13A28FC7194845B800572101 /* CoreGraphics.framework */,
				13A28FC9194845B800572101 /* UIKit.framework */,
				13A28FDE194845B800572101 /* XCTest.framework */,
			);
			name = Frameworks;
			sourceTree = "<group>";
		};
		13A28FCB194845B800572101 /* CUTextExample */ = {
			isa = PBXGroup;
			children = (
				13A28FD4194845B800572101 /* CUAppDelegate.h */,
				13A28FD5194845B800572101 /* CUAppDelegate.m */,
				13A28FD7194845B800572101 /* Images.xcassets */,
				13A28FCC194845B800572101 /* Supporting Files */,
				13A28FF4194845C400572101 /* CUViewController.h */,
				13A28FF5194845C400572101 /* CUViewController.m */,
				13A28FF6194845C400572101 /* CUViewController.xib */,
			);
			path = CUTextExample;
			sourceTree = "<group>";
		};
		13A28FCC194845B800572101 /* Supporting Files */ = {
			isa = PBXGroup;
			children = (
				13A28FCD194845B800572101 /* CUTextExample-Info.plist */,
				13A28FCE194845B800572101 /* InfoPlist.strings */,
				13A28FD1194845B800572101 /* main.m */,
				13A28FD3194845B800572101 /* CUTextExample-Prefix.pch */,
			);
			name = "Supporting Files";
			sourceTree = "<group>";
		};
		13A28FE4194845B800572101 /* CUTextExampleTests */ = {
			isa = PBXGroup;
			children = (
				13A28FEA194845B800572101 /* CUTextExampleTests.m */,
				13A28FE5194845B800572101 /* Supporting Files */,
			);
			path = CUTextExampleTests;
			sourceTree = "<group>";
		};
		13A28FE5194845B800572101 /* Supporting Files */ = {
			isa = PBXGroup;
			children = (
				13A28FE6194845B800572101 /* CUTextExampleTests-Info.plist */,
				13A28FE7194845B800572101 /* InfoPlist.strings */,
			);
			name = "Supporting Files";
			sourceTree = "<group>";
		};
		13A28FF91948468D00572101 /* Vender */ = {
			isa = PBXGroup;
			children = (
				13A28FFA1948468D00572101 /* ActionPicker */,
			);
			path = Vender;
			sourceTree = "<group>";
		};
		13A28FFA1948468D00572101 /* ActionPicker */ = {
			isa = PBXGroup;
			children = (
				13A28FFB1948468D00572101 /* AbstractActionSheetPicker.h */,
				13A28FFC1948468D00572101 /* AbstractActionSheetPicker.m */,
				13A28FFD1948468D00572101 /* ActionSheetCustomPicker.h */,
				13A28FFE1948468D00572101 /* ActionSheetCustomPicker.m */,
				13A28FFF1948468D00572101 /* ActionSheetCustomPickerDelegate.h */,
				13A290001948468D00572101 /* ActionSheetDatePicker.h */,
				13A290011948468D00572101 /* ActionSheetDatePicker.m */,
				13A290021948468D00572101 /* ActionSheetDistancePicker.h */,
				13A290031948468D00572101 /* ActionSheetDistancePicker.m */,
				13A290041948468D00572101 /* ActionSheetStringPicker.h */,
				13A290051948468D00572101 /* ActionSheetStringPicker.m */,
				13A290061948468D00572101 /* DistancePickerView.h */,
				13A290071948468D00572101 /* DistancePickerView.m */,
			);
			path = ActionPicker;
			sourceTree = "<group>";
		};
/* End PBXGroup section */

/* Begin PBXNativeTarget section */
		13A28FC1194845B800572101 /* CUTextExample */ = {
			isa = PBXNativeTarget;
			buildConfigurationList = 13A28FEE194845B800572101 /* Build configuration list for PBXNativeTarget "CUTextExample" */;
			buildPhases = (
				13A28FBE194845B800572101 /* Sources */,
				13A28FBF194845B800572101 /* Frameworks */,
				13A28FC0194845B800572101 /* Resources */,
			);
			buildRules = (
			);
			dependencies = (
			);
			name = CUTextExample;
			productName = CUTextExample;
			productReference = 13A28FC2194845B800572101 /* CUTextExample.app */;
			productType = "com.apple.product-type.application";
		};
		13A28FDC194845B800572101 /* CUTextExampleTests */ = {
			isa = PBXNativeTarget;
			buildConfigurationList = 13A28FF1194845B800572101 /* Build configuration list for PBXNativeTarget "CUTextExampleTests" */;
			buildPhases = (
				13A28FD9194845B800572101 /* Sources */,
				13A28FDA194845B800572101 /* Frameworks */,
				13A28FDB194845B800572101 /* Resources */,
			);
			buildRules = (
			);
			dependencies = (
				13A28FE3194845B800572101 /* PBXTargetDependency */,
			);
			name = CUTextExampleTests;
			productName = CUTextExampleTests;
			productReference = 13A28FDD194845B800572101 /* CUTextExampleTests.xctest */;
			productType = "com.apple.product-type.bundle.unit-test";
		};
/* End PBXNativeTarget section */

/* Begin PBXProject section */
		13A28FBA194845B800572101 /* Project object */ = {
			isa = PBXProject;
			attributes = {
				CLASSPREFIX = CU;
				LastUpgradeCheck = 0510;
				ORGANIZATIONNAME = lion;
				TargetAttributes = {
					13A28FDC194845B800572101 = {
						TestTargetID = 13A28FC1194845B800572101;
					};
				};
			};
			buildConfigurationList = 13A28FBD194845B800572101 /* Build configuration list for PBXProject "CUTextExample" */;
			compatibilityVersion = "Xcode 3.2";
			developmentRegion = English;
			hasScannedForEncodings = 0;
			knownRegions = (
				en,
			);
			mainGroup = 13A28FB9194845B800572101;
			productRefGroup = 13A28FC3194845B800572101 /* Products */;
			projectDirPath = "";
			projectRoot = "";
			targets = (
				13A28FC1194845B800572101 /* CUTextExample */,
				13A28FDC194845B800572101 /* CUTextExampleTests */,
			);
		};
/* End PBXProject section */

/* Begin PBXResourcesBuildPhase section */
		13A28FC0194845B800572101 /* Resources */ = {
			isa = PBXResourcesBuildPhase;
			buildActionMask = 2147483647;
			files = (
				13A28FD0194845B800572101 /* InfoPlist.strings in Resources */,
				13A28FF8194845C400572101 /* CUViewController.xib in Resources */,
				13A28FD8194845B800572101 /* Images.xcassets in Resources */,
			);
			runOnlyForDeploymentPostprocessing = 0;
		};
		13A28FDB194845B800572101 /* Resources */ = {
			isa = PBXResourcesBuildPhase;
			buildActionMask = 2147483647;
			files = (
				13A28FE9194845B800572101 /* InfoPlist.strings in Resources */,
			);
			runOnlyForDeploymentPostprocessing = 0;
		};
/* End PBXResourcesBuildPhase section */

/* Begin PBXSourcesBuildPhase section */
		13A28FBE194845B800572101 /* Sources */ = {
			isa = PBXSourcesBuildPhase;
			buildActionMask = 2147483647;
			files = (
				13A2900D1948468D00572101 /* DistancePickerView.m in Sources */,
				13A2900C1948468D00572101 /* ActionSheetStringPicker.m in Sources */,
				13A28FD6194845B800572101 /* CUAppDelegate.m in Sources */,
				13A290091948468D00572101 /* ActionSheetCustomPicker.m in Sources */,
				13A28FD2194845B800572101 /* main.m in Sources */,
				13A2900A1948468D00572101 /* ActionSheetDatePicker.m in Sources */,
				13A2900B1948468D00572101 /* ActionSheetDistancePicker.m in Sources */,
				13A28FF7194845C400572101 /* CUViewController.m in Sources */,
				13A290081948468D00572101 /* AbstractActionSheetPicker.m in Sources */,
			);
			runOnlyForDeploymentPostprocessing = 0;
		};
		13A28FD9194845B800572101 /* Sources */ = {
			isa = PBXSourcesBuildPhase;
			buildActionMask = 2147483647;
			files = (
				13A28FEB194845B800572101 /* CUTextExampleTests.m in Sources */,
			);
			runOnlyForDeploymentPostprocessing = 0;
		};
/* End PBXSourcesBuildPhase section */

/* Begin PBXTargetDependency section */
		13A28FE3194845B800572101 /* PBXTargetDependency */ = {
			isa = PBXTargetDependency;
			target = 13A28FC1194845B800572101 /* CUTextExample */;
			targetProxy = 13A28FE2194845B800572101 /* PBXContainerItemProxy */;
		};
/* End PBXTargetDependency section */

/* Begin PBXVariantGroup section */
		13A28FCE194845B800572101 /* InfoPlist.strings */ = {
			isa = PBXVariantGroup;
			children = (
				13A28FCF194845B800572101 /* en */,
			);
			name = InfoPlist.strings;
			sourceTree = "<group>";
		};
		13A28FE7194845B800572101 /* InfoPlist.strings */ = {
			isa = PBXVariantGroup;
			children = (
				13A28FE8194845B800572101 /* en */,
			);
			name = InfoPlist.strings;
			sourceTree = "<group>";
		};
/* End PBXVariantGroup section */

/* Begin XCBuildConfiguration section */
		13A28FEC194845B800572101 /* Debug */ = {
			isa = XCBuildConfiguration;
			buildSettings = {
				ALWAYS_SEARCH_USER_PATHS = NO;
				CLANG_CXX_LANGUAGE_STANDARD = "gnu++0x";
				CLANG_CXX_LIBRARY = "libc++";
				CLANG_ENABLE_MODULES = YES;
				CLANG_ENABLE_OBJC_ARC = YES;
				CLANG_WARN_BOOL_CONVERSION = YES;
				CLANG_WARN_CONSTANT_CONVERSION = YES;
				CLANG_WARN_DIRECT_OBJC_ISA_USAGE = YES_ERROR;
				CLANG_WARN_EMPTY_BODY = YES;
				CLANG_WARN_ENUM_CONVERSION = YES;
				CLANG_WARN_INT_CONVERSION = YES;
				CLANG_WARN_OBJC_ROOT_CLASS = YES_ERROR;
				CLANG_WARN__DUPLICATE_METHOD_MATCH = YES;
				"CODE_SIGN_IDENTITY[sdk=iphoneos*]" = "iPhone Developer";
				COPY_PHASE_STRIP = NO;
				GCC_C_LANGUAGE_STANDARD = gnu99;
				GCC_DYNAMIC_NO_PIC = NO;
				GCC_OPTIMIZATION_LEVEL = 0;
				GCC_PREPROCESSOR_DEFINITIONS = (
					"DEBUG=1",
					"$(inherited)",
				);
				GCC_SYMBOLS_PRIVATE_EXTERN = NO;
				GCC_WARN_64_TO_32_BIT_CONVERSION = YES;
				GCC_WARN_ABOUT_RETURN_TYPE = YES_ERROR;
				GCC_WARN_UNDECLARED_SELECTOR = YES;
				GCC_WARN_UNINITIALIZED_AUTOS = YES_AGGRESSIVE;
				GCC_WARN_UNUSED_FUNCTION = YES;
				GCC_WARN_UNUSED_VARIABLE = YES;
				IPHONEOS_DEPLOYMENT_TARGET = 7.1;
				ONLY_ACTIVE_ARCH = YES;
				SDKROOT = iphoneos;
			};
			name = Debug;
		};
		13A28FED194845B800572101 /* Release */ = {
			isa = XCBuildConfiguration;
			buildSettings = {
				ALWAYS_SEARCH_USER_PATHS = NO;
				CLANG_CXX_LANGUAGE_STANDARD = "gnu++0x";
				CLANG_CXX_LIBRARY = "libc++";
				CLANG_ENABLE_MODULES = YES;
				CLANG_ENABLE_OBJC_ARC = YES;
				CLANG_WARN_BOOL_CONVERSION = YES;
				CLANG_WARN_CONSTANT_CONVERSION = YES;
				CLANG_WARN_DIRECT_OBJC_ISA_USAGE = YES_ERROR;
				CLANG_WARN_EMPTY_BODY = YES;
				CLANG_WARN_ENUM_CONVERSION = YES;
				CLANG_WARN_INT_CONVERSION = YES;
				CLANG_WARN_OBJC_ROOT_CLASS = YES_ERROR;
				CLANG_WARN__DUPLICATE_METHOD_MATCH = YES;
				"CODE_SIGN_IDENTITY[sdk=iphoneos*]" = "iPhone Developer";
				COPY_PHASE_STRIP = YES;
				ENABLE_NS_ASSERTIONS = NO;
				GCC_C_LANGUAGE_STANDARD = gnu99;
				GCC_WARN_64_TO_32_BIT_CONVERSION = YES;
				GCC_WARN_ABOUT_RETURN_TYPE = YES_ERROR;
				GCC_WARN_UNDECLARED_SELECTOR = YES;
				GCC_WARN_UNINITIALIZED_AUTOS = YES_AGGRESSIVE;
				GCC_WARN_UNUSED_FUNCTION = YES;
				GCC_WARN_UNUSED_VARIABLE = YES;
				IPHONEOS_DEPLOYMENT_TARGET = 7.1;
				SDKROOT = iphoneos;
				VALIDATE_PRODUCT = YES;
			};
			name = Release;
		};
		13A28FEF194845B800572101 /* Debug */ = {
			isa = XCBuildConfiguration;
			buildSettings = {
				ASSETCATALOG_COMPILER_APPICON_NAME = AppIcon;
				ASSETCATALOG_COMPILER_LAUNCHIMAGE_NAME = LaunchImage;
				GCC_PRECOMPILE_PREFIX_HEADER = YES;
				GCC_PREFIX_HEADER = "CUTextExample/CUTextExample-Prefix.pch";
				INFOPLIST_FILE = "CUTextExample/CUTextExample-Info.plist";
				PRODUCT_NAME = "$(TARGET_NAME)";
				WRAPPER_EXTENSION = app;
			};
			name = Debug;
		};
		13A28FF0194845B800572101 /* Release */ = {
			isa = XCBuildConfiguration;
			buildSettings = {
				ASSETCATALOG_COMPILER_APPICON_NAME = AppIcon;
				ASSETCATALOG_COMPILER_LAUNCHIMAGE_NAME = LaunchImage;
				GCC_PRECOMPILE_PREFIX_HEADER = YES;
				GCC_PREFIX_HEADER = "CUTextExample/CUTextExample-Prefix.pch";
				INFOPLIST_FILE = "CUTextExample/CUTextExample-Info.plist";
				PRODUCT_NAME = "$(TARGET_NAME)";
				WRAPPER_EXTENSION = app;
			};
			name = Release;
		};
		13A28FF2194845B800572101 /* Debug */ = {
			isa = XCBuildConfiguration;
			buildSettings = {
				BUNDLE_LOADER = "$(BUILT_PRODUCTS_DIR)/CUTextExample.app/CUTextExample";
				FRAMEWORK_SEARCH_PATHS = (
					"$(SDKROOT)/Developer/Library/Frameworks",
					"$(inherited)",
					"$(DEVELOPER_FRAMEWORKS_DIR)",
				);
				GCC_PRECOMPILE_PREFIX_HEADER = YES;
				GCC_PREFIX_HEADER = "CUTextExample/CUTextExample-Prefix.pch";
				GCC_PREPROCESSOR_DEFINITIONS = (
					"DEBUG=1",
					"$(inherited)",
				);
				INFOPLIST_FILE = "CUTextExampleTests/CUTextExampleTests-Info.plist";
				PRODUCT_NAME = "$(TARGET_NAME)";
				TEST_HOST = "$(BUNDLE_LOADER)";
				WRAPPER_EXTENSION = xctest;
			};
			name = Debug;
		};
		13A28FF3194845B800572101 /* Release */ = {
			isa = XCBuildConfiguration;
			buildSettings = {
				BUNDLE_LOADER = "$(BUILT_PRODUCTS_DIR)/CUTextExample.app/CUTextExample";
				FRAMEWORK_SEARCH_PATHS = (
					"$(SDKROOT)/Developer/Library/Frameworks",
					"$(inherited)",
					"$(DEVELOPER_FRAMEWORKS_DIR)",
				);
				GCC_PRECOMPILE_PREFIX_HEADER = YES;
				GCC_PREFIX_HEADER = "CUTextExample/CUTextExample-Prefix.pch";
				INFOPLIST_FILE = "CUTextExampleTests/CUTextExampleTests-Info.plist";
				PRODUCT_NAME = "$(TARGET_NAME)";
				TEST_HOST = "$(BUNDLE_LOADER)";
				WRAPPER_EXTENSION = xctest;
			};
			name = Release;
		};
/* End XCBuildConfiguration section */

/* Begin XCConfigurationList section */
		13A28FBD194845B800572101 /* Build configuration list for PBXProject "CUTextExample" */ = {
			isa = XCConfigurationList;
			buildConfigurations = (
				13A28FEC194845B800572101 /* Debug */,
				13A28FED194845B800572101 /* Release */,
			);
			defaultConfigurationIsVisible = 0;
			defaultConfigurationName = Release;
		};
		13A28FEE194845B800572101 /* Build configuration list for PBXNativeTarget "CUTextExample" */ = {
			isa = XCConfigurationList;
			buildConfigurations = (
				13A28FEF194845B800572101 /* Debug */,
				13A28FF0194845B800572101 /* Release */,
			);
			defaultConfigurationIsVisible = 0;
		};
		13A28FF1194845B800572101 /* Build configuration list for PBXNativeTarget "CUTextExampleTests" */ = {
			isa = XCConfigurationList;
			buildConfigurations = (
				13A28FF2194845B800572101 /* Debug */,
				13A28FF3194845B800572101 /* Release */,
			);
			defaultConfigurationIsVisible = 0;
		};
/* End XCConfigurationList section */
	};
	rootObject = 13A28FBA194845B800572101 /* Project object */;
}
